
Microsoft Visual Studio Solution File, Format Version 12.00
# Visual Studio Version 17
VisualStudioVersion = 17.11.35312.102
MinimumVisualStudioVersion = 10.0.40219.1
Project("{9A19103F-16F7-4668-BE54-9A1E7A4F7556}") = "aws_lambda", "aws_lambda\aws_lambda.csproj", "{009BDCA4-1257-4880-91EA-AFB42A30BD1C}"
EndProject
Project("{9A19103F-16F7-4668-BE54-9A1E7A4F7556}") = "Beanstalk_App", "Beanstalk_App\Beanstalk_App.csproj", "{2138D8ED-EC4F-4609-B940-C721F7517CE5}"
EndProject
Project("{9A19103F-16F7-4668-BE54-9A1E7A4F7556}") = "S3_demo_app", "S3_demo_app\S3_demo_app.csproj", "{8E2AF943-FA92-41D7-A57B-730509019963}"
EndProject
Global
	GlobalSection(SolutionConfigurationPlatforms) = preSolution
		Debug|Any CPU = Debug|Any CPU
		Release|Any CPU = Release|Any CPU
	EndGlobalSection
	GlobalSection(ProjectConfigurationPlatforms) = postSolution
		{009BDCA4-1257-4880-91EA-AFB42A30BD1C}.Debug|Any CPU.ActiveCfg = Debug|Any CPU
		{009BDCA4-1257-4880-91EA-AFB42A30BD1C}.Debug|Any CPU.Build.0 = Debug|Any CPU
		{009BDCA4-1257-4880-91EA-AFB42A30BD1C}.Release|Any CPU.ActiveCfg = Release|Any CPU
		{009BDCA4-1257-4880-91EA-AFB42A30BD1C}.Release|Any CPU.Build.0 = Release|Any CPU
		{2138D8ED-EC4F-4609-B940-C721F7517CE5}.Debug|Any CPU.ActiveCfg = Debug|Any CPU
		{2138D8ED-EC4F-4609-B940-C721F7517CE5}.Debug|Any CPU.Build.0 = Debug|Any CPU
		{2138D8ED-EC4F-4609-B940-C721F7517CE5}.Release|Any CPU.ActiveCfg = Release|Any CPU
		{2138D8ED-EC4F-4609-B940-C721F7517CE5}.Release|Any CPU.Build.0 = Release|Any CPU
		{8E2AF943-FA92-41D7-A57B-730509019963}.Debug|Any CPU.ActiveCfg = Debug|Any CPU
		{8E2AF943-FA92-41D7-A57B-730509019963}.Debug|Any CPU.Build.0 = Debug|Any CPU
		{8E2AF943-FA92-41D7-A57B-730509019963}.Release|Any CPU.ActiveCfg = Release|Any CPU
		{8E2AF943-FA92-41D7-A57B-730509019963}.Release|Any CPU.Build.0 = Release|Any CPU
	EndGlobalSection
	GlobalSection(SolutionProperties) = preSolution
		HideSolutionNode = FALSE
	EndGlobalSection
	GlobalSection(ExtensibilityGlobals) = postSolution
		SolutionGuid = {DD4F8911-B3D5-48A9-9BB4-1E4ED74E5053}
	EndGlobalSection
EndGlobal
